
Microsoft Visual Studio Solution File, Format Version 12.00
# Visual Studio Version 17
VisualStudioVersion = 17.5.33627.172
MinimumVisualStudioVersion = 10.0.40219.1
Project("{FAE04EC0-301F-11D3-BF4B-00C04F79EFBC}") = "To_Do_Tracker", "To_Do_Tracker.csproj", "{AE910881-3C1F-4353-BD9D-A9BFCA14DEB0}"
EndProject
Global
	GlobalSection(SolutionConfigurationPlatforms) = preSolution
		Debug|Any CPU = Debug|Any CPU
		Release|Any CPU = Release|Any CPU
	EndGlobalSection
	GlobalSection(ProjectConfigurationPlatforms) = postSolution
		{AE910881-3C1F-4353-BD9D-A9BFCA14DEB0}.Debug|Any CPU.ActiveCfg = Debug|Any CPU
		{AE910881-3C1F-4353-BD9D-A9BFCA14DEB0}.Debug|Any CPU.Build.0 = Debug|Any CPU
		{AE910881-3C1F-4353-BD9D-A9BFCA14DEB0}.Release|Any CPU.ActiveCfg = Release|Any CPU
		{AE910881-3C1F-4353-BD9D-A9BFCA14DEB0}.Release|Any CPU.Build.0 = Release|Any CPU
	EndGlobalSection
	GlobalSection(SolutionProperties) = preSolution
		HideSolutionNode = FALSE
	EndGlobalSection
	GlobalSection(ExtensibilityGlobals) = postSolution
		SolutionGuid = {4D162F41-A644-4B6F-B97B-4A1C882A721C}
	EndGlobalSection
EndGlobal
